
Microsoft Visual Studio Solution File, Format Version 12.00
Project("{FAE04EC0-301F-11D3-BF4B-00C04F79EFBC}") = "ExchangeRate.Aggregator.Bootstrapper", "ExchangeRate.Aggregator.Bootstrapper\ExchangeRate.Aggregator.Bootstrapper.csproj", "{E6C7C884-714B-481B-AC29-377B03B74DC8}"
EndProject
Project("{2150E333-8FDC-42A3-9474-1A3956D46DE8}") = "00. Docs", "00. Docs", "{42646A06-BB08-4EEF-A917-13D55D964B2F}"
	ProjectSection(SolutionItems) = preProject
		README.md = README.md
	EndProjectSection
EndProject
Project("{2150E333-8FDC-42A3-9474-1A3956D46DE8}") = "01. Bootstrapper", "01. Bootstrapper", "{627FFD29-D82F-44CF-83E5-644ED2ED37D9}"
EndProject
Project("{2150E333-8FDC-42A3-9474-1A3956D46DE8}") = "02. Modules", "02. Modules", "{7BE9720C-743B-41E9-BEEE-32A512DEC18C}"
EndProject
Project("{2150E333-8FDC-42A3-9474-1A3956D46DE8}") = "03. Shared", "03. Shared", "{976C0F32-140B-43A5-99AC-17E642A63FA9}"
EndProject
Project("{FAE04EC0-301F-11D3-BF4B-00C04F79EFBC}") = "ExchangeRate.Aggregator.Shared.Abstractions", "ExchangeRate.Aggregator.Shared.Abstractions\ExchangeRate.Aggregator.Shared.Abstractions.csproj", "{D4F30C87-1B89-429E-85FB-D68C21FF7EC1}"
EndProject
Project("{FAE04EC0-301F-11D3-BF4B-00C04F79EFBC}") = "ExchangeRate.Aggregator.Shared.Infrastructure", "ExchangeRate.Aggregator.Shared.Infrastructure\ExchangeRate.Aggregator.Shared.Infrastructure.csproj", "{24907A13-9E18-46BC-BD7C-044DFEB972B8}"
EndProject
Project("{2150E333-8FDC-42A3-9474-1A3956D46DE8}") = "Parsers", "Parsers", "{740CDC62-80BE-4D0A-A408-4D18CD974801}"
EndProject
Project("{2150E333-8FDC-42A3-9474-1A3956D46DE8}") = "Aggregators", "Aggregators", "{A768674C-32DF-4E49-9A8C-4B5B5B2DB475}"
EndProject
Project("{FAE04EC0-301F-11D3-BF4B-00C04F79EFBC}") = "ExchangeRate.Aggregator.Modules.Parsers", "ExchangeRate.Aggregator.Modules.Parsers\ExchangeRate.Aggregator.Modules.Parsers.csproj", "{CC282EE4-9539-44F2-A38B-1549BDFBF148}"
EndProject
Project("{FAE04EC0-301F-11D3-BF4B-00C04F79EFBC}") = "ExchangeRate.Aggregator.Modules.Parsers.Infrastructure", "ExchangeRate.Aggregator.Modules.Parsers.Infrastructure\ExchangeRate.Aggregator.Modules.Parsers.Infrastructure.csproj", "{0E6D454C-9996-45FC-8461-E4CF24FC4A1B}"
EndProject
Project("{FAE04EC0-301F-11D3-BF4B-00C04F79EFBC}") = "ExchangeRate.Aggregator.Modules.Parsers.Application", "ExchangeRate.Aggregator.Modules.Parsers.Application\ExchangeRate.Aggregator.Modules.Parsers.Application.csproj", "{F82B679B-A856-4318-AF04-F23A000EC1A7}"
EndProject
Project("{FAE04EC0-301F-11D3-BF4B-00C04F79EFBC}") = "ExchangeRate.Aggregator.Modules.Rates.Api", "ExchangeRate.Aggregator.Modules.Rates.Api\ExchangeRate.Aggregator.Modules.Rates.Api.csproj", "{17F2A520-C642-4006-BDC7-EBAF61C36C16}"
EndProject
Project("{FAE04EC0-301F-11D3-BF4B-00C04F79EFBC}") = "ExchangeRate.Aggregator.Modules.Rates.Application", "ExchangeRate.Aggregator.Modules.Rates.Application\ExchangeRate.Aggregator.Modules.Rates.Application.csproj", "{3346FA33-6391-4B65-890F-5C28ACF768D0}"
EndProject
Project("{FAE04EC0-301F-11D3-BF4B-00C04F79EFBC}") = "ExchangeRate.Aggregator.Modules.Rates.Infrastructure", "ExchangeRate.Aggregator.Modules.Rates.Infrastructure\ExchangeRate.Aggregator.Modules.Rates.Infrastructure.csproj", "{C5CDCDDC-67DA-4137-B17A-4DCBA49F9388}"
EndProject
Project("{2150E333-8FDC-42A3-9474-1A3956D46DE8}") = "Solution Items", "Solution Items", "{38AD37AA-FA49-404F-806D-EEEAADC28C4E}"
	ProjectSection(SolutionItems) = preProject
		docker-compose.yml = docker-compose.yml
	EndProjectSection
EndProject
Global
	GlobalSection(SolutionConfigurationPlatforms) = preSolution
		Debug|Any CPU = Debug|Any CPU
		Release|Any CPU = Release|Any CPU
	EndGlobalSection
	GlobalSection(ProjectConfigurationPlatforms) = postSolution
		{E6C7C884-714B-481B-AC29-377B03B74DC8}.Debug|Any CPU.ActiveCfg = Debug|Any CPU
		{E6C7C884-714B-481B-AC29-377B03B74DC8}.Debug|Any CPU.Build.0 = Debug|Any CPU
		{E6C7C884-714B-481B-AC29-377B03B74DC8}.Release|Any CPU.ActiveCfg = Release|Any CPU
		{E6C7C884-714B-481B-AC29-377B03B74DC8}.Release|Any CPU.Build.0 = Release|Any CPU
		{D4F30C87-1B89-429E-85FB-D68C21FF7EC1}.Debug|Any CPU.ActiveCfg = Debug|Any CPU
		{D4F30C87-1B89-429E-85FB-D68C21FF7EC1}.Debug|Any CPU.Build.0 = Debug|Any CPU
		{D4F30C87-1B89-429E-85FB-D68C21FF7EC1}.Release|Any CPU.ActiveCfg = Release|Any CPU
		{D4F30C87-1B89-429E-85FB-D68C21FF7EC1}.Release|Any CPU.Build.0 = Release|Any CPU
		{24907A13-9E18-46BC-BD7C-044DFEB972B8}.Debug|Any CPU.ActiveCfg = Debug|Any CPU
		{24907A13-9E18-46BC-BD7C-044DFEB972B8}.Debug|Any CPU.Build.0 = Debug|Any CPU
		{24907A13-9E18-46BC-BD7C-044DFEB972B8}.Release|Any CPU.ActiveCfg = Release|Any CPU
		{24907A13-9E18-46BC-BD7C-044DFEB972B8}.Release|Any CPU.Build.0 = Release|Any CPU
		{CC282EE4-9539-44F2-A38B-1549BDFBF148}.Debug|Any CPU.ActiveCfg = Debug|Any CPU
		{CC282EE4-9539-44F2-A38B-1549BDFBF148}.Debug|Any CPU.Build.0 = Debug|Any CPU
		{CC282EE4-9539-44F2-A38B-1549BDFBF148}.Release|Any CPU.ActiveCfg = Release|Any CPU
		{CC282EE4-9539-44F2-A38B-1549BDFBF148}.Release|Any CPU.Build.0 = Release|Any CPU
		{0E6D454C-9996-45FC-8461-E4CF24FC4A1B}.Debug|Any CPU.ActiveCfg = Debug|Any CPU
		{0E6D454C-9996-45FC-8461-E4CF24FC4A1B}.Debug|Any CPU.Build.0 = Debug|Any CPU
		{0E6D454C-9996-45FC-8461-E4CF24FC4A1B}.Release|Any CPU.ActiveCfg = Release|Any CPU
		{0E6D454C-9996-45FC-8461-E4CF24FC4A1B}.Release|Any CPU.Build.0 = Release|Any CPU
		{F82B679B-A856-4318-AF04-F23A000EC1A7}.Debug|Any CPU.ActiveCfg = Debug|Any CPU
		{F82B679B-A856-4318-AF04-F23A000EC1A7}.Debug|Any CPU.Build.0 = Debug|Any CPU
		{F82B679B-A856-4318-AF04-F23A000EC1A7}.Release|Any CPU.ActiveCfg = Release|Any CPU
		{F82B679B-A856-4318-AF04-F23A000EC1A7}.Release|Any CPU.Build.0 = Release|Any CPU
		{17F2A520-C642-4006-BDC7-EBAF61C36C16}.Debug|Any CPU.ActiveCfg = Debug|Any CPU
		{17F2A520-C642-4006-BDC7-EBAF61C36C16}.Debug|Any CPU.Build.0 = Debug|Any CPU
		{17F2A520-C642-4006-BDC7-EBAF61C36C16}.Release|Any CPU.ActiveCfg = Release|Any CPU
		{17F2A520-C642-4006-BDC7-EBAF61C36C16}.Release|Any CPU.Build.0 = Release|Any CPU
		{3346FA33-6391-4B65-890F-5C28ACF768D0}.Debug|Any CPU.ActiveCfg = Debug|Any CPU
		{3346FA33-6391-4B65-890F-5C28ACF768D0}.Debug|Any CPU.Build.0 = Debug|Any CPU
		{3346FA33-6391-4B65-890F-5C28ACF768D0}.Release|Any CPU.ActiveCfg = Release|Any CPU
		{3346FA33-6391-4B65-890F-5C28ACF768D0}.Release|Any CPU.Build.0 = Release|Any CPU
		{C5CDCDDC-67DA-4137-B17A-4DCBA49F9388}.Debug|Any CPU.ActiveCfg = Debug|Any CPU
		{C5CDCDDC-67DA-4137-B17A-4DCBA49F9388}.Debug|Any CPU.Build.0 = Debug|Any CPU
		{C5CDCDDC-67DA-4137-B17A-4DCBA49F9388}.Release|Any CPU.ActiveCfg = Release|Any CPU
		{C5CDCDDC-67DA-4137-B17A-4DCBA49F9388}.Release|Any CPU.Build.0 = Release|Any CPU
	EndGlobalSection
	GlobalSection(NestedProjects) = preSolution
		{E6C7C884-714B-481B-AC29-377B03B74DC8} = {627FFD29-D82F-44CF-83E5-644ED2ED37D9}
		{D4F30C87-1B89-429E-85FB-D68C21FF7EC1} = {976C0F32-140B-43A5-99AC-17E642A63FA9}
		{24907A13-9E18-46BC-BD7C-044DFEB972B8} = {976C0F32-140B-43A5-99AC-17E642A63FA9}
		{740CDC62-80BE-4D0A-A408-4D18CD974801} = {7BE9720C-743B-41E9-BEEE-32A512DEC18C}
		{A768674C-32DF-4E49-9A8C-4B5B5B2DB475} = {7BE9720C-743B-41E9-BEEE-32A512DEC18C}
		{CC282EE4-9539-44F2-A38B-1549BDFBF148} = {740CDC62-80BE-4D0A-A408-4D18CD974801}
		{0E6D454C-9996-45FC-8461-E4CF24FC4A1B} = {740CDC62-80BE-4D0A-A408-4D18CD974801}
		{F82B679B-A856-4318-AF04-F23A000EC1A7} = {740CDC62-80BE-4D0A-A408-4D18CD974801}
		{17F2A520-C642-4006-BDC7-EBAF61C36C16} = {A768674C-32DF-4E49-9A8C-4B5B5B2DB475}
		{3346FA33-6391-4B65-890F-5C28ACF768D0} = {A768674C-32DF-4E49-9A8C-4B5B5B2DB475}
		{C5CDCDDC-67DA-4137-B17A-4DCBA49F9388} = {A768674C-32DF-4E49-9A8C-4B5B5B2DB475}
	EndGlobalSection
EndGlobal
